
Microsoft Visual Studio Solution File, Format Version 12.00
# Visual Studio Version 17
VisualStudioVersion = 17.11.35208.52
MinimumVisualStudioVersion = 10.0.40219.1
Project("{9A19103F-16F7-4668-BE54-9A1E7A4F7556}") = "PokemonKotas.Web", "PokemonKotas\PokemonKotas.Web.csproj", "{FE0F1F3A-0F18-4DC5-854B-62CF934A46C6}"
EndProject
Project("{9A19103F-16F7-4668-BE54-9A1E7A4F7556}") = "PokemonKotas.Data", "PokemonKotas.Data\PokemonKotas.Data.csproj", "{F62671E6-F9ED-4DE8-8DF0-88E890DAD498}"
EndProject
Project("{9A19103F-16F7-4668-BE54-9A1E7A4F7556}") = "PokemonKotas.Domain", "PokemonKotas.Domain\PokemonKotas.Domain.csproj", "{5FFAEC18-5350-4BA0-81BF-CB073ECE7258}"
EndProject
Project("{9A19103F-16F7-4668-BE54-9A1E7A4F7556}") = "PokemonKotas.Infra", "PokemonKotas.Infra\PokemonKotas.Infra.csproj", "{BE016837-9D49-42A0-9564-AF28A276C0C7}"
EndProject
Project("{9A19103F-16F7-4668-BE54-9A1E7A4F7556}") = "PokemonKotas.Tests", "PokemonKotas.Tests\PokemonKotas.Tests.csproj", "{BDAE3239-C446-422F-A1B4-C257B5480681}"
EndProject
Project("{FAE04EC0-301F-11D3-BF4B-00C04F79EFBC}") = "PokemonKotas.Api", "PokemonKotas.Api\PokemonKotas.Api.csproj", "{FC076D01-47E3-4396-ACAC-7016ED9E0159}"
EndProject
Global
	GlobalSection(SolutionConfigurationPlatforms) = preSolution
		Debug|Any CPU = Debug|Any CPU
		Release|Any CPU = Release|Any CPU
	EndGlobalSection
	GlobalSection(ProjectConfigurationPlatforms) = postSolution
		{FE0F1F3A-0F18-4DC5-854B-62CF934A46C6}.Debug|Any CPU.ActiveCfg = Debug|Any CPU
		{FE0F1F3A-0F18-4DC5-854B-62CF934A46C6}.Debug|Any CPU.Build.0 = Debug|Any CPU
		{FE0F1F3A-0F18-4DC5-854B-62CF934A46C6}.Release|Any CPU.ActiveCfg = Release|Any CPU
		{FE0F1F3A-0F18-4DC5-854B-62CF934A46C6}.Release|Any CPU.Build.0 = Release|Any CPU
		{F62671E6-F9ED-4DE8-8DF0-88E890DAD498}.Debug|Any CPU.ActiveCfg = Debug|Any CPU
		{F62671E6-F9ED-4DE8-8DF0-88E890DAD498}.Debug|Any CPU.Build.0 = Debug|Any CPU
		{F62671E6-F9ED-4DE8-8DF0-88E890DAD498}.Release|Any CPU.ActiveCfg = Release|Any CPU
		{F62671E6-F9ED-4DE8-8DF0-88E890DAD498}.Release|Any CPU.Build.0 = Release|Any CPU
		{5FFAEC18-5350-4BA0-81BF-CB073ECE7258}.Debug|Any CPU.ActiveCfg = Debug|Any CPU
		{5FFAEC18-5350-4BA0-81BF-CB073ECE7258}.Debug|Any CPU.Build.0 = Debug|Any CPU
		{5FFAEC18-5350-4BA0-81BF-CB073ECE7258}.Release|Any CPU.ActiveCfg = Release|Any CPU
		{5FFAEC18-5350-4BA0-81BF-CB073ECE7258}.Release|Any CPU.Build.0 = Release|Any CPU
		{BE016837-9D49-42A0-9564-AF28A276C0C7}.Debug|Any CPU.ActiveCfg = Debug|Any CPU
		{BE016837-9D49-42A0-9564-AF28A276C0C7}.Debug|Any CPU.Build.0 = Debug|Any CPU
		{BE016837-9D49-42A0-9564-AF28A276C0C7}.Release|Any CPU.ActiveCfg = Release|Any CPU
		{BE016837-9D49-42A0-9564-AF28A276C0C7}.Release|Any CPU.Build.0 = Release|Any CPU
		{BDAE3239-C446-422F-A1B4-C257B5480681}.Debug|Any CPU.ActiveCfg = Debug|Any CPU
		{BDAE3239-C446-422F-A1B4-C257B5480681}.Debug|Any CPU.Build.0 = Debug|Any CPU
		{BDAE3239-C446-422F-A1B4-C257B5480681}.Release|Any CPU.ActiveCfg = Release|Any CPU
		{BDAE3239-C446-422F-A1B4-C257B5480681}.Release|Any CPU.Build.0 = Release|Any CPU
		{FC076D01-47E3-4396-ACAC-7016ED9E0159}.Debug|Any CPU.ActiveCfg = Debug|Any CPU
		{FC076D01-47E3-4396-ACAC-7016ED9E0159}.Debug|Any CPU.Build.0 = Debug|Any CPU
		{FC076D01-47E3-4396-ACAC-7016ED9E0159}.Release|Any CPU.ActiveCfg = Release|Any CPU
		{FC076D01-47E3-4396-ACAC-7016ED9E0159}.Release|Any CPU.Build.0 = Release|Any CPU
	EndGlobalSection
	GlobalSection(SolutionProperties) = preSolution
		HideSolutionNode = FALSE
	EndGlobalSection
	GlobalSection(ExtensibilityGlobals) = postSolution
		SolutionGuid = {16B72208-9315-4759-81E5-310EFA826A23}
	EndGlobalSection
EndGlobal
